
Microsoft Visual Studio Solution File, Format Version 12.00
# Visual Studio Version 16
VisualStudioVersion = 16.0.29519.87
MinimumVisualStudioVersion = 10.0.40219.1
Project("{9A19103F-16F7-4668-BE54-9A1E7A4F7556}") = "Blacksmith'sWorkshopBusinessLogic", "..\Blacksmith'sWorkshopBusinessLogic\Blacksmith'sWorkshopBusinessLogic.csproj", "{AE5C2126-D3C9-42A9-92FE-DC4425D86E5D}"
EndProject
Project("{9A19103F-16F7-4668-BE54-9A1E7A4F7556}") = "Blacksmith`sWorkshopListImplement", "..\Blacksmith`sWorkshopListImplement\Blacksmith`sWorkshopListImplement.csproj", "{66F543C9-8AA8-4DAE-B53E-747EB933B710}"
EndProject
Project("{9A19103F-16F7-4668-BE54-9A1E7A4F7556}") = "Blacksmith`sWorkshopFileImplement", "..\Blacksmith`sWorkshopFileImplement\Blacksmith`sWorkshopFileImplement.csproj", "{B1840A76-E317-4D72-9D00-1D1194BD096D}"
EndProject
Project("{9A19103F-16F7-4668-BE54-9A1E7A4F7556}") = "Blacksmith_sWorkshopDatebaseImplement", "..\Blacksmith_sWorkshopDatebaseImplement\Blacksmith_sWorkshopDatebaseImplement.csproj", "{5C38A4E8-5C84-4258-A48E-1A7DFC42B23D}"
EndProject
Project("{FAE04EC0-301F-11D3-BF4B-00C04F79EFBC}") = "BlacksmithsWorkshopView", "BlacksmithsWorkshopView.csproj", "{427AF80D-C3A3-4047-B794-0D0263A86519}"
EndProject
Global
	GlobalSection(SolutionConfigurationPlatforms) = preSolution
		Debug|Any CPU = Debug|Any CPU
		Release|Any CPU = Release|Any CPU
	EndGlobalSection
	GlobalSection(ProjectConfigurationPlatforms) = postSolution
		{AE5C2126-D3C9-42A9-92FE-DC4425D86E5D}.Debug|Any CPU.ActiveCfg = Debug|Any CPU
		{AE5C2126-D3C9-42A9-92FE-DC4425D86E5D}.Debug|Any CPU.Build.0 = Debug|Any CPU
		{AE5C2126-D3C9-42A9-92FE-DC4425D86E5D}.Release|Any CPU.ActiveCfg = Release|Any CPU
		{AE5C2126-D3C9-42A9-92FE-DC4425D86E5D}.Release|Any CPU.Build.0 = Release|Any CPU
		{66F543C9-8AA8-4DAE-B53E-747EB933B710}.Debug|Any CPU.ActiveCfg = Debug|Any CPU
		{66F543C9-8AA8-4DAE-B53E-747EB933B710}.Debug|Any CPU.Build.0 = Debug|Any CPU
		{66F543C9-8AA8-4DAE-B53E-747EB933B710}.Release|Any CPU.ActiveCfg = Release|Any CPU
		{66F543C9-8AA8-4DAE-B53E-747EB933B710}.Release|Any CPU.Build.0 = Release|Any CPU
		{B1840A76-E317-4D72-9D00-1D1194BD096D}.Debug|Any CPU.ActiveCfg = Debug|Any CPU
		{B1840A76-E317-4D72-9D00-1D1194BD096D}.Debug|Any CPU.Build.0 = Debug|Any CPU
		{B1840A76-E317-4D72-9D00-1D1194BD096D}.Release|Any CPU.ActiveCfg = Release|Any CPU
		{B1840A76-E317-4D72-9D00-1D1194BD096D}.Release|Any CPU.Build.0 = Release|Any CPU
		{5C38A4E8-5C84-4258-A48E-1A7DFC42B23D}.Debug|Any CPU.ActiveCfg = Debug|Any CPU
		{5C38A4E8-5C84-4258-A48E-1A7DFC42B23D}.Debug|Any CPU.Build.0 = Debug|Any CPU
		{5C38A4E8-5C84-4258-A48E-1A7DFC42B23D}.Release|Any CPU.ActiveCfg = Release|Any CPU
		{5C38A4E8-5C84-4258-A48E-1A7DFC42B23D}.Release|Any CPU.Build.0 = Release|Any CPU
		{427AF80D-C3A3-4047-B794-0D0263A86519}.Debug|Any CPU.ActiveCfg = Debug|Any CPU
		{427AF80D-C3A3-4047-B794-0D0263A86519}.Debug|Any CPU.Build.0 = Debug|Any CPU
		{427AF80D-C3A3-4047-B794-0D0263A86519}.Release|Any CPU.ActiveCfg = Release|Any CPU
		{427AF80D-C3A3-4047-B794-0D0263A86519}.Release|Any CPU.Build.0 = Release|Any CPU
	EndGlobalSection
	GlobalSection(SolutionProperties) = preSolution
		HideSolutionNode = FALSE
	EndGlobalSection
	GlobalSection(ExtensibilityGlobals) = postSolution
		SolutionGuid = {CB9089BC-A433-423B-9AC0-63D2BC849255}
	EndGlobalSection
EndGlobal
